
Microsoft Visual Studio Solution File, Format Version 12.00
# Visual Studio Version 17
VisualStudioVersion = 17.11.35222.181
MinimumVisualStudioVersion = 10.0.40219.1
Project("{9A19103F-16F7-4668-BE54-9A1E7A4F7556}") = "API", "API.csproj", "{3414BE23-740B-401C-944C-B32A1E1B60AD}"
EndProject
Project("{FAE04EC0-301F-11D3-BF4B-00C04F79EFBC}") = "ApplicationLayer", "..\ApplicationLayer\ApplicationLayer.csproj", "{30914DF6-C535-41B1-B317-D39852D4C026}"
EndProject
Project("{FAE04EC0-301F-11D3-BF4B-00C04F79EFBC}") = "InfrastructureLayer", "..\InfrastructureLayer\InfrastructureLayer.csproj", "{66C0F0B1-8780-4917-B890-E959C40E82C6}"
EndProject
Project("{FAE04EC0-301F-11D3-BF4B-00C04F79EFBC}") = "DomainLayer", "..\DomainLayer\DomainLayer.csproj", "{A0882BE4-39FD-4858-A4A1-4BF17D4194FF}"
EndProject
Global
	GlobalSection(SolutionConfigurationPlatforms) = preSolution
		Debug|Any CPU = Debug|Any CPU
		Release|Any CPU = Release|Any CPU
	EndGlobalSection
	GlobalSection(ProjectConfigurationPlatforms) = postSolution
		{3414BE23-740B-401C-944C-B32A1E1B60AD}.Debug|Any CPU.ActiveCfg = Debug|Any CPU
		{3414BE23-740B-401C-944C-B32A1E1B60AD}.Debug|Any CPU.Build.0 = Debug|Any CPU
		{3414BE23-740B-401C-944C-B32A1E1B60AD}.Release|Any CPU.ActiveCfg = Release|Any CPU
		{3414BE23-740B-401C-944C-B32A1E1B60AD}.Release|Any CPU.Build.0 = Release|Any CPU
		{30914DF6-C535-41B1-B317-D39852D4C026}.Debug|Any CPU.ActiveCfg = Debug|Any CPU
		{30914DF6-C535-41B1-B317-D39852D4C026}.Debug|Any CPU.Build.0 = Debug|Any CPU
		{30914DF6-C535-41B1-B317-D39852D4C026}.Release|Any CPU.ActiveCfg = Release|Any CPU
		{30914DF6-C535-41B1-B317-D39852D4C026}.Release|Any CPU.Build.0 = Release|Any CPU
		{66C0F0B1-8780-4917-B890-E959C40E82C6}.Debug|Any CPU.ActiveCfg = Debug|Any CPU
		{66C0F0B1-8780-4917-B890-E959C40E82C6}.Debug|Any CPU.Build.0 = Debug|Any CPU
		{66C0F0B1-8780-4917-B890-E959C40E82C6}.Release|Any CPU.ActiveCfg = Release|Any CPU
		{66C0F0B1-8780-4917-B890-E959C40E82C6}.Release|Any CPU.Build.0 = Release|Any CPU
		{A0882BE4-39FD-4858-A4A1-4BF17D4194FF}.Debug|Any CPU.ActiveCfg = Debug|Any CPU
		{A0882BE4-39FD-4858-A4A1-4BF17D4194FF}.Debug|Any CPU.Build.0 = Debug|Any CPU
		{A0882BE4-39FD-4858-A4A1-4BF17D4194FF}.Release|Any CPU.ActiveCfg = Release|Any CPU
		{A0882BE4-39FD-4858-A4A1-4BF17D4194FF}.Release|Any CPU.Build.0 = Release|Any CPU
	EndGlobalSection
	GlobalSection(SolutionProperties) = preSolution
		HideSolutionNode = FALSE
	EndGlobalSection
	GlobalSection(ExtensibilityGlobals) = postSolution
		SolutionGuid = {B4BC6E44-3A79-4223-A33F-8C40571DFB94}
	EndGlobalSection
EndGlobal
